
Microsoft Visual Studio Solution File, Format Version 12.00
# Visual Studio Version 16
VisualStudioVersion = 16.0.33130.400
MinimumVisualStudioVersion = 10.0.40219.1
Project("{9A19103F-16F7-4668-BE54-9A1E7A4F7556}") = "Application_Client", "Application_Client.csproj", "{D1735D0A-4258-4F33-86BB-92EFAED80B82}"
EndProject
Global
	GlobalSection(SolutionConfigurationPlatforms) = preSolution
		Debug|Any CPU = Debug|Any CPU
		Release|Any CPU = Release|Any CPU
	EndGlobalSection
	GlobalSection(ProjectConfigurationPlatforms) = postSolution
		{D1735D0A-4258-4F33-86BB-92EFAED80B82}.Debug|Any CPU.ActiveCfg = Debug|Any CPU
		{D1735D0A-4258-4F33-86BB-92EFAED80B82}.Debug|Any CPU.Build.0 = Debug|Any CPU
		{D1735D0A-4258-4F33-86BB-92EFAED80B82}.Release|Any CPU.ActiveCfg = Release|Any CPU
		{D1735D0A-4258-4F33-86BB-92EFAED80B82}.Release|Any CPU.Build.0 = Release|Any CPU
	EndGlobalSection
	GlobalSection(SolutionProperties) = preSolution
		HideSolutionNode = FALSE
	EndGlobalSection
	GlobalSection(ExtensibilityGlobals) = postSolution
		SolutionGuid = {947DD3F9-D8A3-47D1-A307-7B0692B8A0B8}
	EndGlobalSection
EndGlobal
